{
  "name": "cc2145a2fe1558fa",
  "lockfileVersion": 3,
  "requires": true,
  "packages": {
    "": {
      "dependencies": {
        "create-next-app": "^16.2.2"
      }
    },
    "node_modules/create-next-app": {
      "version": "16.2.2",
      "resolved": "https://registry.npmjs.org/create-next-app/-/create-next-app-16.2.2.tgz",
      "integrity": "sha512-+Dd9nWLr6mYsfqwxY4zDhZXWi6fSB1bRvOc+B34NmNhXkfm8dX0BoBMQ4b546I83Z1oCiX0sJQCQWVA6uYsWEw==",
      "license": "MIT",
      "bin": {
        "create-next-app": "dist/index.js"
      },
      "engines": {
        "node": ">=20.9.0"
      }
    }
  }
}
